
Microsoft Visual Studio Solution File, Format Version 12.00
# Visual Studio Version 17
VisualStudioVersion = 17.7.34031.279
MinimumVisualStudioVersion = 10.0.40219.1
Project("{FAE04EC0-301F-11D3-BF4B-00C04F79EFBC}") = "DataAccess", "DataAccess\DataAccess.csproj", "{77D68D31-3067-425F-99B5-C1B8A7830EC8}"
EndProject
Project("{FAE04EC0-301F-11D3-BF4B-00C04F79EFBC}") = "Business", "Business\Business.csproj", "{843DBDE8-0BDC-4E63-ABD1-B4D94176428D}"
EndProject
Project("{FAE04EC0-301F-11D3-BF4B-00C04F79EFBC}") = "Entities", "Entities\Entities.csproj", "{4C951197-EC63-4951-A438-8027BBDD2749}"
EndProject
Project("{FAE04EC0-301F-11D3-BF4B-00C04F79EFBC}") = "ConsoleUI", "ConsoleUI\ConsoleUI.csproj", "{E80196B1-AFFE-4366-950A-A0E7EC4D5395}"
EndProject
Project("{FAE04EC0-301F-11D3-BF4B-00C04F79EFBC}") = "Core", "Core\Core.csproj", "{E8168BD3-1793-4711-A2E0-C06713A27731}"
EndProject
Global
	GlobalSection(SolutionConfigurationPlatforms) = preSolution
		Debug|Any CPU = Debug|Any CPU
		Release|Any CPU = Release|Any CPU
	EndGlobalSection
	GlobalSection(ProjectConfigurationPlatforms) = postSolution
		{77D68D31-3067-425F-99B5-C1B8A7830EC8}.Debug|Any CPU.ActiveCfg = Debug|Any CPU
		{77D68D31-3067-425F-99B5-C1B8A7830EC8}.Debug|Any CPU.Build.0 = Debug|Any CPU
		{77D68D31-3067-425F-99B5-C1B8A7830EC8}.Release|Any CPU.ActiveCfg = Release|Any CPU
		{77D68D31-3067-425F-99B5-C1B8A7830EC8}.Release|Any CPU.Build.0 = Release|Any CPU
		{843DBDE8-0BDC-4E63-ABD1-B4D94176428D}.Debug|Any CPU.ActiveCfg = Debug|Any CPU
		{843DBDE8-0BDC-4E63-ABD1-B4D94176428D}.Debug|Any CPU.Build.0 = Debug|Any CPU
		{843DBDE8-0BDC-4E63-ABD1-B4D94176428D}.Release|Any CPU.ActiveCfg = Release|Any CPU
		{843DBDE8-0BDC-4E63-ABD1-B4D94176428D}.Release|Any CPU.Build.0 = Release|Any CPU
		{4C951197-EC63-4951-A438-8027BBDD2749}.Debug|Any CPU.ActiveCfg = Debug|Any CPU
		{4C951197-EC63-4951-A438-8027BBDD2749}.Debug|Any CPU.Build.0 = Debug|Any CPU
		{4C951197-EC63-4951-A438-8027BBDD2749}.Release|Any CPU.ActiveCfg = Release|Any CPU
		{4C951197-EC63-4951-A438-8027BBDD2749}.Release|Any CPU.Build.0 = Release|Any CPU
		{E80196B1-AFFE-4366-950A-A0E7EC4D5395}.Debug|Any CPU.ActiveCfg = Debug|Any CPU
		{E80196B1-AFFE-4366-950A-A0E7EC4D5395}.Debug|Any CPU.Build.0 = Debug|Any CPU
		{E80196B1-AFFE-4366-950A-A0E7EC4D5395}.Release|Any CPU.ActiveCfg = Release|Any CPU
		{E80196B1-AFFE-4366-950A-A0E7EC4D5395}.Release|Any CPU.Build.0 = Release|Any CPU
		{E8168BD3-1793-4711-A2E0-C06713A27731}.Debug|Any CPU.ActiveCfg = Debug|Any CPU
		{E8168BD3-1793-4711-A2E0-C06713A27731}.Debug|Any CPU.Build.0 = Debug|Any CPU
		{E8168BD3-1793-4711-A2E0-C06713A27731}.Release|Any CPU.ActiveCfg = Release|Any CPU
		{E8168BD3-1793-4711-A2E0-C06713A27731}.Release|Any CPU.Build.0 = Release|Any CPU
	EndGlobalSection
	GlobalSection(SolutionProperties) = preSolution
		HideSolutionNode = FALSE
	EndGlobalSection
	GlobalSection(ExtensibilityGlobals) = postSolution
		SolutionGuid = {5BC65AE2-C3E6-4D8A-B3FF-DCE8CDB976EA}
	EndGlobalSection
EndGlobal
